
Microsoft Visual Studio Solution File, Format Version 12.00
# Visual Studio Version 17
VisualStudioVersion = 17.11.35327.3
MinimumVisualStudioVersion = 10.0.40219.1
Project("{8BC9CEB8-8B4A-11D0-8D11-00A0C91BC942}") = "ASD_CA2_Brindusa_Dumitru", "ASD_CA2_Brindusa_Dumitru\ASD_CA2_Brindusa_Dumitru.vcxproj", "{CAAC611A-979F-4DDD-BE42-3BBF549F9A14}"
EndProject
Global
	GlobalSection(SolutionConfigurationPlatforms) = preSolution
		Debug|x64 = Debug|x64
		Debug|x86 = Debug|x86
		Release|x64 = Release|x64
		Release|x86 = Release|x86
	EndGlobalSection
	GlobalSection(ProjectConfigurationPlatforms) = postSolution
		{CAAC611A-979F-4DDD-BE42-3BBF549F9A14}.Debug|x64.ActiveCfg = Debug|x64
		{CAAC611A-979F-4DDD-BE42-3BBF549F9A14}.Debug|x64.Build.0 = Debug|x64
		{CAAC611A-979F-4DDD-BE42-3BBF549F9A14}.Debug|x86.ActiveCfg = Debug|Win32
		{CAAC611A-979F-4DDD-BE42-3BBF549F9A14}.Debug|x86.Build.0 = Debug|Win32
		{CAAC611A-979F-4DDD-BE42-3BBF549F9A14}.Release|x64.ActiveCfg = Release|x64
		{CAAC611A-979F-4DDD-BE42-3BBF549F9A14}.Release|x64.Build.0 = Release|x64
		{CAAC611A-979F-4DDD-BE42-3BBF549F9A14}.Release|x86.ActiveCfg = Release|Win32
		{CAAC611A-979F-4DDD-BE42-3BBF549F9A14}.Release|x86.Build.0 = Release|Win32
	EndGlobalSection
	GlobalSection(SolutionProperties) = preSolution
		HideSolutionNode = FALSE
	EndGlobalSection
	GlobalSection(ExtensibilityGlobals) = postSolution
		SolutionGuid = {0C19F064-97BD-4EEE-899E-1BA3DB1CF91E}
	EndGlobalSection
EndGlobal
